
Microsoft Visual Studio Solution File, Format Version 12.00
# Visual Studio Version 17
VisualStudioVersion = 17.9.34622.214
MinimumVisualStudioVersion = 10.0.40219.1
Project("{FAE04EC0-301F-11D3-BF4B-00C04F79EFBC}") = "Authentication", "Authentication\Authentication.csproj", "{40CE8C9E-D57A-409F-8351-D214F728631D}"
EndProject
Global
	GlobalSection(SolutionConfigurationPlatforms) = preSolution
		Debug|Any CPU = Debug|Any CPU
		Release|Any CPU = Release|Any CPU
	EndGlobalSection
	GlobalSection(ProjectConfigurationPlatforms) = postSolution
		{40CE8C9E-D57A-409F-8351-D214F728631D}.Debug|Any CPU.ActiveCfg = Debug|Any CPU
		{40CE8C9E-D57A-409F-8351-D214F728631D}.Debug|Any CPU.Build.0 = Debug|Any CPU
		{40CE8C9E-D57A-409F-8351-D214F728631D}.Release|Any CPU.ActiveCfg = Release|Any CPU
		{40CE8C9E-D57A-409F-8351-D214F728631D}.Release|Any CPU.Build.0 = Release|Any CPU
	EndGlobalSection
	GlobalSection(SolutionProperties) = preSolution
		HideSolutionNode = FALSE
	EndGlobalSection
	GlobalSection(ExtensibilityGlobals) = postSolution
		SolutionGuid = {06D3B14D-0165-4ABF-80DA-C6ABEE879240}
	EndGlobalSection
EndGlobal
